// !$*UTF8*$!
{
	archiveVersion = 1;
	classes = {
	};
	objectVersion = 56;
	objects = {

/* Begin PBXBuildFile section */
		FB42FBC52A0594EC0087B923 /* AppDelegate.swift in Sources */ = {isa = PBXBuildFile; fileRef = FB42FBC42A0594EC0087B923 /* AppDelegate.swift */; };
		FB42FBC72A0594EC0087B923 /* SceneDelegate.swift in Sources */ = {isa = PBXBuildFile; fileRef = FB42FBC62A0594EC0087B923 /* SceneDelegate.swift */; };
		FB42FBC92A0594EC0087B923 /* ViewController.swift in Sources */ = {isa = PBXBuildFile; fileRef = FB42FBC82A0594EC0087B923 /* ViewController.swift */; };
		FB42FBCC2A0594EC0087B923 /* Main.storyboard in Resources */ = {isa = PBXBuildFile; fileRef = FB42FBCA2A0594EC0087B923 /* Main.storyboard */; };
		FB42FBCE2A0594ED0087B923 /* Assets.xcassets in Resources */ = {isa = PBXBuildFile; fileRef = FB42FBCD2A0594ED0087B923 /* Assets.xcassets */; };
		FB42FBD12A0594ED0087B923 /* LaunchScreen.storyboard in Resources */ = {isa = PBXBuildFile; fileRef = FB42FBCF2A0594ED0087B923 /* LaunchScreen.storyboard */; };
		FB42FBD92A059CFB0087B923 /* ItemTableViewCell.swift in Sources */ = {isa = PBXBuildFile; fileRef = FB42FBD82A059CFB0087B923 /* ItemTableViewCell.swift */; };
		FB42FBDB2A05A1760087B923 /* Dogs.swift in Sources */ = {isa = PBXBuildFile; fileRef = FB42FBDA2A05A1760087B923 /* Dogs.swift */; };
/* End PBXBuildFile section */

/* Begin PBXFileReference section */
		FB42FBC12A0594EC0087B923 /* Semana06.app */ = {isa = PBXFileReference; explicitFileType = wrapper.application; includeInIndex = 0; path = Semana06.app; sourceTree = BUILT_PRODUCTS_DIR; };
		FB42FBC42A0594EC0087B923 /* AppDelegate.swift */ = {isa = PBXFileReference; lastKnownFileType = sourcecode.swift; path = AppDelegate.swift; sourceTree = "<group>"; };
		FB42FBC62A0594EC0087B923 /* SceneDelegate.swift */ = {isa = PBXFileReference; lastKnownFileType = sourcecode.swift; path = SceneDelegate.swift; sourceTree = "<group>"; };
		FB42FBC82A0594EC0087B923 /* ViewController.swift */ = {isa = PBXFileReference; lastKnownFileType = sourcecode.swift; path = ViewController.swift; sourceTree = "<group>"; };
		FB42FBCB2A0594EC0087B923 /* Base */ = {isa = PBXFileReference; lastKnownFileType = file.storyboard; name = Base; path = Base.lproj/Main.storyboard; sourceTree = "<group>"; };
		FB42FBCD2A0594ED0087B923 /* Assets.xcassets */ = {isa = PBXFileReference; lastKnownFileType = folder.assetcatalog; path = Assets.xcassets; sourceTree = "<group>"; };
		FB42FBD02A0594ED0087B923 /* Base */ = {isa = PBXFileReference; lastKnownFileType = file.storyboard; name = Base; path = Base.lproj/LaunchScreen.storyboard; sourceTree = "<group>"; };
		FB42FBD22A0594ED0087B923 /* Info.plist */ = {isa = PBXFileReference; lastKnownFileType = text.plist.xml; path = Info.plist; sourceTree = "<group>"; };
		FB42FBD82A059CFB0087B923 /* ItemTableViewCell.swift */ = {isa = PBXFileReference; lastKnownFileType = sourcecode.swift; path = ItemTableViewCell.swift; sourceTree = "<group>"; };
		FB42FBDA2A05A1760087B923 /* Dogs.swift */ = {isa = PBXFileReference; lastKnownFileType = sourcecode.swift; path = Dogs.swift; sourceTree = "<group>"; };
/* End PBXFileReference section */

/* Begin PBXFrameworksBuildPhase section */
		FB42FBBE2A0594EC0087B923 /* Frameworks */ = {
			isa = PBXFrameworksBuildPhase;
			buildActionMask = 2147483647;
			files = (
			);
			runOnlyForDeploymentPostprocessing = 0;
		};
/* End PBXFrameworksBuildPhase section */

/* Begin PBXGroup section */
		FB42FBB82A0594EC0087B923 = {
			isa = PBXGroup;
			children = (
				FB42FBC32A0594EC0087B923 /* Semana06 */,
				FB42FBC22A0594EC0087B923 /* Products */,
			);
			sourceTree = "<group>";
		};
		FB42FBC22A0594EC0087B923 /* Products */ = {
			isa = PBXGroup;
			children = (
				FB42FBC12A0594EC0087B923 /* Semana06.app */,
			);
			name = Products;
			sourceTree = "<group>";
		};
		FB42FBC32A0594EC0087B923 /* Semana06 */ = {
			isa = PBXGroup;
			children = (
				FB42FBC42A0594EC0087B923 /* AppDelegate.swift */,
				FB42FBC62A0594EC0087B923 /* SceneDelegate.swift */,
				FB42FBC82A0594EC0087B923 /* ViewController.swift */,
				FB42FBCA2A0594EC0087B923 /* Main.storyboard */,
				FB42FBCD2A0594ED0087B923 /* Assets.xcassets */,
				FB42FBCF2A0594ED0087B923 /* LaunchScreen.storyboard */,
				FB42FBD22A0594ED0087B923 /* Info.plist */,
				FB42FBD82A059CFB0087B923 /* ItemTableViewCell.swift */,
				FB42FBDA2A05A1760087B923 /* Dogs.swift */,
			);
			path = Semana06;
			sourceTree = "<group>";
		};
/* End PBXGroup section */

/* Begin PBXNativeTarget section */
		FB42FBC02A0594EC0087B923 /* Semana06 */ = {
			isa = PBXNativeTarget;
			buildConfigurationList = FB42FBD52A0594ED0087B923 /* Build configuration list for PBXNativeTarget "Semana06" */;
			buildPhases = (
				FB42FBBD2A0594EC0087B923 /* Sources */,
				FB42FBBE2A0594EC0087B923 /* Frameworks */,
				FB42FBBF2A0594EC0087B923 /* Resources */,
			);
			buildRules = (
			);
			dependencies = (
			);
			name = Semana06;
			productName = Semana06;
			productReference = FB42FBC12A0594EC0087B923 /* Semana06.app */;
			productType = "com.apple.product-type.application";
		};
/* End PBXNativeTarget section */

/* Begin PBXProject section */
		FB42FBB92A0594EC0087B923 /* Project object */ = {
			isa = PBXProject;
			attributes = {
				BuildIndependentTargetsInParallel = 1;
				LastSwiftUpdateCheck = 1430;
				LastUpgradeCheck = 1430;
				TargetAttributes = {
					FB42FBC02A0594EC0087B923 = {
						CreatedOnToolsVersion = 14.3;
					};
				};
			};
			buildConfigurationList = FB42FBBC2A0594EC0087B923 /* Build configuration list for PBXProject "Semana06" */;
			compatibilityVersion = "Xcode 14.0";
			developmentRegion = en;
			hasScannedForEncodings = 0;
			knownRegions = (
				en,
				Base,
			);
			mainGroup = FB42FBB82A0594EC0087B923;
			productRefGroup = FB42FBC22A0594EC0087B923 /* Products */;
			projectDirPath = "";
			projectRoot = "";
			targets = (
				FB42FBC02A0594EC0087B923 /* Semana06 */,
			);
		};
/* End PBXProject section */

/* Begin PBXResourcesBuildPhase section */
		FB42FBBF2A0594EC0087B923 /* Resources */ = {
			isa = PBXResourcesBuildPhase;
			buildActionMask = 2147483647;
			files = (
				FB42FBD12A0594ED0087B923 /* LaunchScreen.storyboard in Resources */,
				FB42FBCE2A0594ED0087B923 /* Assets.xcassets in Resources */,
				FB42FBCC2A0594EC0087B923 /* Main.storyboard in Resources */,
			);
			runOnlyForDeploymentPostprocessing = 0;
		};
/* End PBXResourcesBuildPhase section */

/* Begin PBXSourcesBuildPhase section */
		FB42FBBD2A0594EC0087B923 /* Sources */ = {
			isa = PBXSourcesBuildPhase;
			buildActionMask = 2147483647;
			files = (
				FB42FBD92A059CFB0087B923 /* ItemTableViewCell.swift in Sources */,
				FB42FBC92A0594EC0087B923 /* ViewController.swift in Sources */,
				FB42FBC52A0594EC0087B923 /* AppDelegate.swift in Sources */,
				FB42FBDB2A05A1760087B923 /* Dogs.swift in Sources */,
				FB42FBC72A0594EC0087B923 /* SceneDelegate.swift in Sources */,
			);
			runOnlyForDeploymentPostprocessing = 0;
		};
/* End PBXSourcesBuildPhase section */

/* Begin PBXVariantGroup section */
		FB42FBCA2A0594EC0087B923 /* Main.storyboard */ = {
			isa = PBXVariantGroup;
			children = (
				FB42FBCB2A0594EC0087B923 /* Base */,
			);
			name = Main.storyboard;
			sourceTree = "<group>";
		};
		FB42FBCF2A0594ED0087B923 /* LaunchScreen.storyboard */ = {
			isa = PBXVariantGroup;
			children = (
				FB42FBD02A0594ED0087B923 /* Base */,
			);
			name = LaunchScreen.storyboard;
			sourceTree = "<group>";
		};
/* End PBXVariantGroup section */

/* Begin XCBuildConfiguration section */
		FB42FBD32A0594ED0087B923 /* Debug */ = {
			isa = XCBuildConfiguration;
			buildSettings = {
				ALWAYS_SEARCH_USER_PATHS = NO;
				CLANG_ANALYZER_NONNULL = YES;
				CLANG_ANALYZER_NUMBER_OBJECT_CONVERSION = YES_AGGRESSIVE;
				CLANG_CXX_LANGUAGE_STANDARD = "gnu++20";
				CLANG_ENABLE_MODULES = YES;
				CLANG_ENABLE_OBJC_ARC = YES;
				CLANG_ENABLE_OBJC_WEAK = YES;
				CLANG_WARN_BLOCK_CAPTURE_AUTORELEASING = YES;
				CLANG_WARN_BOOL_CONVERSION = YES;
				CLANG_WARN_COMMA = YES;
				CLANG_WARN_CONSTANT_CONVERSION = YES;
				CLANG_WARN_DEPRECATED_OBJC_IMPLEMENTATIONS = YES;
				CLANG_WARN_DIRECT_OBJC_ISA_USAGE = YES_ERROR;
				CLANG_WARN_DOCUMENTATION_COMMENTS = YES;
				CLANG_WARN_EMPTY_BODY = YES;
				CLANG_WARN_ENUM_CONVERSION = YES;
				CLANG_WARN_INFINITE_RECURSION = YES;
				CLANG_WARN_INT_CONVERSION = YES;
				CLANG_WARN_NON_LITERAL_NULL_CONVERSION = YES;
				CLANG_WARN_OBJC_IMPLICIT_RETAIN_SELF = YES;
				CLANG_WARN_OBJC_LITERAL_CONVERSION = YES;
				CLANG_WARN_OBJC_ROOT_CLASS = YES_ERROR;
				CLANG_WARN_QUOTED_INCLUDE_IN_FRAMEWORK_HEADER = YES;
				CLANG_WARN_RANGE_LOOP_ANALYSIS = YES;
				CLANG_WARN_STRICT_PROTOTYPES = YES;
				CLANG_WARN_SUSPICIOUS_MOVE = YES;
				CLANG_WARN_UNGUARDED_AVAILABILITY = YES_AGGRESSIVE;
				CLANG_WARN_UNREACHABLE_CODE = YES;
				CLANG_WARN__DUPLICATE_METHOD_MATCH = YES;
				COPY_PHASE_STRIP = NO;
				DEBUG_INFORMATION_FORMAT = dwarf;
				ENABLE_STRICT_OBJC_MSGSEND = YES;
				ENABLE_TESTABILITY = YES;
				GCC_C_LANGUAGE_STANDARD = gnu11;
				GCC_DYNAMIC_NO_PIC = NO;
				GCC_NO_COMMON_BLOCKS = YES;
				GCC_OPTIMIZATION_LEVEL = 0;
				GCC_PREPROCESSOR_DEFINITIONS = (
					"DEBUG=1",
					"$(inherited)",
				);
				GCC_WARN_64_TO_32_BIT_CONVERSION = YES;
				GCC_WARN_ABOUT_RETURN_TYPE = YES_ERROR;
				GCC_WARN_UNDECLARED_SELECTOR = YES;
				GCC_WARN_UNINITIALIZED_AUTOS = YES_AGGRESSIVE;
				GCC_WARN_UNUSED_FUNCTION = YES;
				GCC_WARN_UNUSED_VARIABLE = YES;
				IPHONEOS_DEPLOYMENT_TARGET = 16.4;
				MTL_ENABLE_DEBUG_INFO = INCLUDE_SOURCE;
				MTL_FAST_MATH = YES;
				ONLY_ACTIVE_ARCH = YES;
				SDKROOT = iphoneos;
				SWIFT_ACTIVE_COMPILATION_CONDITIONS = DEBUG;
				SWIFT_OPTIMIZATION_LEVEL = "-Onone";
			};
			name = Debug;
		};
		FB42FBD42A0594ED0087B923 /* Release */ = {
			isa = XCBuildConfiguration;
			buildSettings = {
				ALWAYS_SEARCH_USER_PATHS = NO;
				CLANG_ANALYZER_NONNULL = YES;
				CLANG_ANALYZER_NUMBER_OBJECT_CONVERSION = YES_AGGRESSIVE;
				CLANG_CXX_LANGUAGE_STANDARD = "gnu++20";
				CLANG_ENABLE_MODULES = YES;
				CLANG_ENABLE_OBJC_ARC = YES;
				CLANG_ENABLE_OBJC_WEAK = YES;
				CLANG_WARN_BLOCK_CAPTURE_AUTORELEASING = YES;
				CLANG_WARN_BOOL_CONVERSION = YES;
				CLANG_WARN_COMMA = YES;
				CLANG_WARN_CONSTANT_CONVERSION = YES;
				CLANG_WARN_DEPRECATED_OBJC_IMPLEMENTATIONS = YES;
				CLANG_WARN_DIRECT_OBJC_ISA_USAGE = YES_ERROR;
				CLANG_WARN_DOCUMENTATION_COMMENTS = YES;
				CLANG_WARN_EMPTY_BODY = YES;
				CLANG_WARN_ENUM_CONVERSION = YES;
				CLANG_WARN_INFINITE_RECURSION = YES;
				CLANG_WARN_INT_CONVERSION = YES;
				CLANG_WARN_NON_LITERAL_NULL_CONVERSION = YES;
				CLANG_WARN_OBJC_IMPLICIT_RETAIN_SELF = YES;
				CLANG_WARN_OBJC_LITERAL_CONVERSION = YES;
				CLANG_WARN_OBJC_ROOT_CLASS = YES_ERROR;
				CLANG_WARN_QUOTED_INCLUDE_IN_FRAMEWORK_HEADER = YES;
				CLANG_WARN_RANGE_LOOP_ANALYSIS = YES;
				CLANG_WARN_STRICT_PROTOTYPES = YES;
				CLANG_WARN_SUSPICIOUS_MOVE = YES;
				CLANG_WARN_UNGUARDED_AVAILABILITY = YES_AGGRESSIVE;
				CLANG_WARN_UNREACHABLE_CODE = YES;
				CLANG_WARN__DUPLICATE_METHOD_MATCH = YES;
				COPY_PHASE_STRIP = NO;
				DEBUG_INFORMATION_FORMAT = "dwarf-with-dsym";
				ENABLE_NS_ASSERTIONS = NO;
				ENABLE_STRICT_OBJC_MSGSEND = YES;
				GCC_C_LANGUAGE_STANDARD = gnu11;
				GCC_NO_COMMON_BLOCKS = YES;
				GCC_WARN_64_TO_32_BIT_CONVERSION = YES;
				GCC_WARN_ABOUT_RETURN_TYPE = YES_ERROR;
				GCC_WARN_UNDECLARED_SELECTOR = YES;
				GCC_WARN_UNINITIALIZED_AUTOS = YES_AGGRESSIVE;
				GCC_WARN_UNUSED_FUNCTION = YES;
				GCC_WARN_UNUSED_VARIABLE = YES;
				IPHONEOS_DEPLOYMENT_TARGET = 16.4;
				MTL_ENABLE_DEBUG_INFO = NO;
				MTL_FAST_MATH = YES;
				SDKROOT = iphoneos;
				SWIFT_COMPILATION_MODE = wholemodule;
				SWIFT_OPTIMIZATION_LEVEL = "-O";
				VALIDATE_PRODUCT = YES;
			};
			name = Release;
		};
		FB42FBD62A0594ED0087B923 /* Debug */ = {
			isa = XCBuildConfiguration;
			buildSettings = {
				ASSETCATALOG_COMPILER_APPICON_NAME = AppIcon;
				ASSETCATALOG_COMPILER_GLOBAL_ACCENT_COLOR_NAME = AccentColor;
				CODE_SIGN_STYLE = Automatic;
				CURRENT_PROJECT_VERSION = 1;
				GENERATE_INFOPLIST_FILE = YES;
				INFOPLIST_FILE = Semana06/Info.plist;
				INFOPLIST_KEY_UIApplicationSupportsIndirectInputEvents = YES;
				INFOPLIST_KEY_UILaunchStoryboardName = LaunchScreen;
				INFOPLIST_KEY_UIMainStoryboardFile = Main;
				INFOPLIST_KEY_UISupportedInterfaceOrientations_iPad = "UIInterfaceOrientationPortrait UIInterfaceOrientationPortraitUpsideDown UIInterfaceOrientationLandscapeLeft UIInterfaceOrientationLandscapeRight";
				INFOPLIST_KEY_UISupportedInterfaceOrientations_iPhone = "UIInterfaceOrientationPortrait UIInterfaceOrientationLandscapeLeft UIInterfaceOrientationLandscapeRight";
				LD_RUNPATH_SEARCH_PATHS = (
					"$(inherited)",
					"@executable_path/Frameworks",
				);
				MARKETING_VERSION = 1.0;
				PRODUCT_BUNDLE_IDENTIFIER = com.tecsup.Semana06;
				PRODUCT_NAME = "$(TARGET_NAME)";
				SWIFT_EMIT_LOC_STRINGS = YES;
				SWIFT_VERSION = 5.0;
				TARGETED_DEVICE_FAMILY = "1,2";
			};
			name = Debug;
		};
		FB42FBD72A0594ED0087B923 /* Release */ = {
			isa = XCBuildConfiguration;
			buildSettings = {
				ASSETCATALOG_COMPILER_APPICON_NAME = AppIcon;
				ASSETCATALOG_COMPILER_GLOBAL_ACCENT_COLOR_NAME = AccentColor;
				CODE_SIGN_STYLE = Automatic;
				CURRENT_PROJECT_VERSION = 1;
				GENERATE_INFOPLIST_FILE = YES;
				INFOPLIST_FILE = Semana06/Info.plist;
				INFOPLIST_KEY_UIApplicationSupportsIndirectInputEvents = YES;
				INFOPLIST_KEY_UILaunchStoryboardName = LaunchScreen;
				INFOPLIST_KEY_UIMainStoryboardFile = Main;
				INFOPLIST_KEY_UISupportedInterfaceOrientations_iPad = "UIInterfaceOrientationPortrait UIInterfaceOrientationPortraitUpsideDown UIInterfaceOrientationLandscapeLeft UIInterfaceOrientationLandscapeRight";
				INFOPLIST_KEY_UISupportedInterfaceOrientations_iPhone = "UIInterfaceOrientationPortrait UIInterfaceOrientationLandscapeLeft UIInterfaceOrientationLandscapeRight";
				LD_RUNPATH_SEARCH_PATHS = (
					"$(inherited)",
					"@executable_path/Frameworks",
				);
				MARKETING_VERSION = 1.0;
				PRODUCT_BUNDLE_IDENTIFIER = com.tecsup.Semana06;
				PRODUCT_NAME = "$(TARGET_NAME)";
				SWIFT_EMIT_LOC_STRINGS = YES;
				SWIFT_VERSION = 5.0;
				TARGETED_DEVICE_FAMILY = "1,2";
			};
			name = Release;
		};
/* End XCBuildConfiguration section */

/* Begin XCConfigurationList section */
		FB42FBBC2A0594EC0087B923 /* Build configuration list for PBXProject "Semana06" */ = {
			isa = XCConfigurationList;
			buildConfigurations = (
				FB42FBD32A0594ED0087B923 /* Debug */,
				FB42FBD42A0594ED0087B923 /* Release */,
			);
			defaultConfigurationIsVisible = 0;
			defaultConfigurationName = Release;
		};
		FB42FBD52A0594ED0087B923 /* Build configuration list for PBXNativeTarget "Semana06" */ = {
			isa = XCConfigurationList;
			buildConfigurations = (
				FB42FBD62A0594ED0087B923 /* Debug */,
				FB42FBD72A0594ED0087B923 /* Release */,
			);
			defaultConfigurationIsVisible = 0;
			defaultConfigurationName = Release;
		};
/* End XCConfigurationList section */
	};
	rootObject = FB42FBB92A0594EC0087B923 /* Project object */;
}
